{
  "version": 4,
  "terraform_version": "1.10.5",
  "serial": 89,
  "lineage": "1e48842e-6623-ab74-67f9-834f82f79e88",
  "outputs": {
    "eks_cluster_name": {
      "value": "shared-eks-cluster-name",
      "type": "string"
    },
    "elasticache_redis_endpoint": {
      "value": "Cache not deployed (check modules_to_deploy config)",
      "type": "string"
    },
    "msk_cluster_brokers": {
      "value": "Messaging not deployed (check modules_to_deploy config)",
      "type": "string"
    },
    "private_subnet_ids": {
      "value": [
        "subnet-0eddb73a07d97574c",
        "subnet-018751fdd0049d93e",
        "subnet-04016aa2951215e5d"
      ],
      "type": [
        "tuple",
        [
          "string",
          "string",
          "string"
        ]
      ]
    },
    "rds_postgres_cluster_endpoint": {
      "value": "Database not deployed (check modules_to_deploy config)",
      "type": "string"
    },
    "rds_postgres_endpoint": {
      "value": "Database not deployed (check modules_to_deploy config)",
      "type": "string"
    },
    "vpc_id": {
      "value": "vpc-0660fdd342fa870de",
      "type": "string"
    }
  },
  "resources": [
    {
      "mode": "data",
      "type": "aws_eks_cluster",
      "name": "existing_eks_cluster",
      "provider": "provider[\"registry.terraform.io/hashicorp/aws\"]",
      "instances": [
        {
          "index_key": 0,
          "schema_version": 0,
          "attributes": {
            "access_config": [
              {
                "authentication_mode": "CONFIG_MAP",
                "bootstrap_cluster_creator_admin_permissions": true
              }
            ],
            "arn": "arn:aws:eks:eu-west-1:304737152597:cluster/shared-eks-cluster-name",
            "certificate_authority": [
              {
                "data": "LS0tLS1CRUdJTiBDRVJUSUZJQ0FURS0tLS0tCk1JSURCVENDQWUyZ0F3SUJBZ0lJZk54S0VDZGhDMW93RFFZSktvWklodmNOQVFFTEJRQXdGVEVUTUJFR0ExVUUKQXhNS2EzVmlaWEp1WlhSbGN6QWVGdzB5TlRBeU1EZ3lNakkxTlRWYUZ3MHpOVEF5TURZeU1qTXdOVFZhTUJVeApFekFSQmdOVkJBTVRDbXQxWW1WeWJtVjBaWE13Z2dFaU1BMEdDU3FHU0liM0RRRUJBUVVBQTRJQkR3QXdnZ0VLCkFvSUJBUURkdjk2RzVkRHU1d01xZk1vc0g2VWtOQ1BHbXdPS2p2azRXZFlXak1GZDdIbnVHTjJKRGo2bjdCeXEKUGRhNEhpUnVWZlVRajJMQ1MxZlRKWnZYSmZ6djllWEZEbGx2U1M4RDFGYWZ3ZnR3dko2UWdsV0lHUFBlSW1hSwpQUlFIQUVLQytnSGdXWkFoRkR1dHgydHNZd0dCSHVBVEZicTJJOTI0WXA4T3l1akdvUUptZHlRWXR4WHdWUmZ3Ck9FTWRFcHhGZll0WjJ1NkFka2VYQWY5aXhBRGd2Z0J2eXc5TlZXSmtveEhobzdwWWZqSnoybXhkVFlmcUxEejEKdGlBRHpVeWV3WmxNUHRhSTZxOUFRUFdzTjI0U2VucWJQT3dTRm5KQTBReGVGdGVRTEg2d3hmUVlKTTlSUDd6NwozaEhxYUlSbnNvRnZtN2prUmg4ME1EZFIwbExQQWdNQkFBR2pXVEJYTUE0R0ExVWREd0VCL3dRRUF3SUNwREFQCkJnTlZIUk1CQWY4RUJUQURBUUgvTUIwR0ExVWREZ1FXQkJRKzlLVzFFNVRzY1ovZ3hnNmRWM291TC9aTGd6QVYKQmdOVkhSRUVEakFNZ2dwcmRXSmxjbTVsZEdWek1BMEdDU3FHU0liM0RRRUJDd1VBQTRJQkFRRGFOc0VRUWd1VQoyWnlCVHB6ZVl3Y2V6OTR0THVSWXBoUGhqaVpxMjloSWpEdEVXbHVERnJCdjBibEpjbGlIdnZPWHZITFpoMHdqClhaV3hMeDNrdDJxRVBOS1JldFVVYzB3dTlRVVRDSjN6M1lLNE4welVGenpVUUxlMTY1bXg4QndFQXN0b2RHZUYKZThRMFVYblFwajFmd1NhdFFsSzJlL0ZET2JwWm94Yzc2dHZVMFA1bjd2bHZHTDBYaW1haVlreW14cDZXUFZwZApBanBGNHFDbWhLS1loREpjSktpK0NSTkdJcytZOG1UcjRscjBhKzZ2REVlSUJGdFRRbENsbWpISmxsa21naTFkCk1YU2EzREVxNFFnalEyeXdqRVhuc21Xa1o4eUx4eVpGWG9mc2o3TDdJcXJNTjUwSlo3ZUNGdFFBK082RlQxMS8KZWhpSU90c1ZTM3BZCi0tLS0tRU5EIENFUlRJRklDQVRFLS0tLS0K"
              }
            ],
            "cluster_id": null,
            "compute_config": [],
            "created_at": "2025-02-08T22:25:56Z",
            "enabled_cluster_log_types": [],
            "endpoint": "https://7966370831C47E49CCFF9E55AFB6279A.gr7.eu-west-1.eks.amazonaws.com",
            "id": "shared-eks-cluster-name",
            "identity": [
              {
                "oidc": [
                  {
                    "issuer": "https://oidc.eks.eu-west-1.amazonaws.com/id/7966370831C47E49CCFF9E55AFB6279A"
                  }
                ]
              }
            ],
            "kubernetes_network_config": [
              {
                "elastic_load_balancing": [
                  {
                    "enabled": false
                  }
                ],
                "ip_family": "ipv4",
                "service_ipv4_cidr": "172.20.0.0/16",
                "service_ipv6_cidr": ""
              }
            ],
            "name": "shared-eks-cluster-name",
            "outpost_config": [],
            "platform_version": "eks.18",
            "remote_network_config": [],
            "role_arn": "arn:aws:iam::304737152597:role/shared-eks-cluster-name-cluster-role",
            "status": "ACTIVE",
            "storage_config": [],
            "tags": {},
            "upgrade_policy": [
              {
                "support_type": "EXTENDED"
              }
            ],
            "version": "1.31",
            "vpc_config": [
              {
                "cluster_security_group_id": "sg-0499f4126c70b697f",
                "endpoint_private_access": false,
                "endpoint_public_access": true,
                "public_access_cidrs": [
                  "0.0.0.0/0"
                ],
                "security_group_ids": [
                  "sg-04061cbf5156d6459"
                ],
                "subnet_ids": [
                  "subnet-018751fdd0049d93e",
                  "subnet-04016aa2951215e5d",
                  "subnet-0eddb73a07d97574c"
                ],
                "vpc_id": "vpc-0660fdd342fa870de"
              }
            ],
            "zonal_shift_config": []
          },
          "sensitive_attributes": []
        }
      ]
    },
    {
      "mode": "data",
      "type": "aws_secretsmanager_random_password",
      "name": "rds_password",
      "provider": "provider[\"registry.terraform.io/hashicorp/aws\"]",
      "instances": [
        {
          "index_key": 0,
          "schema_version": 0,
          "attributes": {
            "exclude_characters": "\"@/%`'\"",
            "exclude_lowercase": null,
            "exclude_numbers": null,
            "exclude_punctuation": true,
            "exclude_uppercase": null,
            "id": "9bJyeuDcXC8XjjqO",
            "include_space": null,
            "password_length": 16,
            "random_password": "9bJyeuDcXC8XjjqO",
            "require_each_included_type": null
          },
          "sensitive_attributes": []
        }
      ]
    },
    {
      "mode": "data",
      "type": "aws_secretsmanager_secret_version",
      "name": "rds_credentials",
      "provider": "provider[\"registry.terraform.io/hashicorp/aws\"]",
      "instances": []
    },
    {
      "mode": "data",
      "type": "aws_subnet",
      "name": "existing_private_subnets",
      "provider": "provider[\"registry.terraform.io/hashicorp/aws\"]",
      "instances": [
        {
          "index_key": 0,
          "schema_version": 0,
          "attributes": {
            "arn": "arn:aws:ec2:eu-west-1:304737152597:subnet/subnet-0eddb73a07d97574c",
            "assign_ipv6_address_on_creation": false,
            "availability_zone": "eu-west-1a",
            "availability_zone_id": "euw1-az2",
            "available_ip_address_count": 250,
            "cidr_block": "10.0.11.0/24",
            "customer_owned_ipv4_pool": "",
            "default_for_az": false,
            "enable_dns64": false,
            "enable_lni_at_device_index": 0,
            "enable_resource_name_dns_a_record_on_launch": false,
            "enable_resource_name_dns_aaaa_record_on_launch": false,
            "filter": null,
            "id": "subnet-0eddb73a07d97574c",
            "ipv6_cidr_block": "",
            "ipv6_cidr_block_association_id": "",
            "ipv6_native": false,
            "map_customer_owned_ip_on_launch": false,
            "map_public_ip_on_launch": false,
            "outpost_arn": "",
            "owner_id": "304737152597",
            "private_dns_hostname_type_on_launch": "ip-name",
            "state": "available",
            "tags": {
              "Name": "private-subnet-1",
              "terraform-private-subnet": "true"
            },
            "timeouts": null,
            "vpc_id": "vpc-0660fdd342fa870de"
          },
          "sensitive_attributes": []
        },
        {
          "index_key": 1,
          "schema_version": 0,
          "attributes": {
            "arn": "arn:aws:ec2:eu-west-1:304737152597:subnet/subnet-018751fdd0049d93e",
            "assign_ipv6_address_on_creation": false,
            "availability_zone": "eu-west-1b",
            "availability_zone_id": "euw1-az3",
            "available_ip_address_count": 247,
            "cidr_block": "10.0.12.0/24",
            "customer_owned_ipv4_pool": "",
            "default_for_az": false,
            "enable_dns64": false,
            "enable_lni_at_device_index": 0,
            "enable_resource_name_dns_a_record_on_launch": false,
            "enable_resource_name_dns_aaaa_record_on_launch": false,
            "filter": null,
            "id": "subnet-018751fdd0049d93e",
            "ipv6_cidr_block": "",
            "ipv6_cidr_block_association_id": "",
            "ipv6_native": false,
            "map_customer_owned_ip_on_launch": false,
            "map_public_ip_on_launch": false,
            "outpost_arn": "",
            "owner_id": "304737152597",
            "private_dns_hostname_type_on_launch": "ip-name",
            "state": "available",
            "tags": {
              "Name": "private-subnet-2",
              "terraform-private-subnet": "true"
            },
            "timeouts": null,
            "vpc_id": "vpc-0660fdd342fa870de"
          },
          "sensitive_attributes": []
        },
        {
          "index_key": 2,
          "schema_version": 0,
          "attributes": {
            "arn": "arn:aws:ec2:eu-west-1:304737152597:subnet/subnet-04016aa2951215e5d",
            "assign_ipv6_address_on_creation": false,
            "availability_zone": "eu-west-1c",
            "availability_zone_id": "euw1-az1",
            "available_ip_address_count": 246,
            "cidr_block": "10.0.13.0/24",
            "customer_owned_ipv4_pool": "",
            "default_for_az": false,
            "enable_dns64": false,
            "enable_lni_at_device_index": 0,
            "enable_resource_name_dns_a_record_on_launch": false,
            "enable_resource_name_dns_aaaa_record_on_launch": false,
            "filter": null,
            "id": "subnet-04016aa2951215e5d",
            "ipv6_cidr_block": "",
            "ipv6_cidr_block_association_id": "",
            "ipv6_native": false,
            "map_customer_owned_ip_on_launch": false,
            "map_public_ip_on_launch": false,
            "outpost_arn": "",
            "owner_id": "304737152597",
            "private_dns_hostname_type_on_launch": "ip-name",
            "state": "available",
            "tags": {
              "Name": "private-subnet-3",
              "terraform-private-subnet": "true"
            },
            "timeouts": null,
            "vpc_id": "vpc-0660fdd342fa870de"
          },
          "sensitive_attributes": []
        }
      ]
    },
    {
      "mode": "data",
      "type": "aws_subnet",
      "name": "existing_public_subnets",
      "provider": "provider[\"registry.terraform.io/hashicorp/aws\"]",
      "instances": [
        {
          "index_key": 0,
          "schema_version": 0,
          "attributes": {
            "arn": "arn:aws:ec2:eu-west-1:304737152597:subnet/subnet-04c7e26d9dbcfeb52",
            "assign_ipv6_address_on_creation": false,
            "availability_zone": "eu-west-1a",
            "availability_zone_id": "euw1-az2",
            "available_ip_address_count": 250,
            "cidr_block": "10.0.1.0/24",
            "customer_owned_ipv4_pool": "",
            "default_for_az": false,
            "enable_dns64": false,
            "enable_lni_at_device_index": 0,
            "enable_resource_name_dns_a_record_on_launch": false,
            "enable_resource_name_dns_aaaa_record_on_launch": false,
            "filter": null,
            "id": "subnet-04c7e26d9dbcfeb52",
            "ipv6_cidr_block": "",
            "ipv6_cidr_block_association_id": "",
            "ipv6_native": false,
            "map_customer_owned_ip_on_launch": false,
            "map_public_ip_on_launch": true,
            "outpost_arn": "",
            "owner_id": "304737152597",
            "private_dns_hostname_type_on_launch": "ip-name",
            "state": "available",
            "tags": {
              "Name": "public-subnet-1",
              "terraform-public-subnet": "true"
            },
            "timeouts": null,
            "vpc_id": "vpc-0660fdd342fa870de"
          },
          "sensitive_attributes": []
        },
        {
          "index_key": 1,
          "schema_version": 0,
          "attributes": {
            "arn": "arn:aws:ec2:eu-west-1:304737152597:subnet/subnet-0a87b5f3f34b3cfd1",
            "assign_ipv6_address_on_creation": false,
            "availability_zone": "eu-west-1b",
            "availability_zone_id": "euw1-az3",
            "available_ip_address_count": 251,
            "cidr_block": "10.0.2.0/24",
            "customer_owned_ipv4_pool": "",
            "default_for_az": false,
            "enable_dns64": false,
            "enable_lni_at_device_index": 0,
            "enable_resource_name_dns_a_record_on_launch": false,
            "enable_resource_name_dns_aaaa_record_on_launch": false,
            "filter": null,
            "id": "subnet-0a87b5f3f34b3cfd1",
            "ipv6_cidr_block": "",
            "ipv6_cidr_block_association_id": "",
            "ipv6_native": false,
            "map_customer_owned_ip_on_launch": false,
            "map_public_ip_on_launch": true,
            "outpost_arn": "",
            "owner_id": "304737152597",
            "private_dns_hostname_type_on_launch": "ip-name",
            "state": "available",
            "tags": {
              "Name": "public-subnet-2",
              "terraform-public-subnet": "true"
            },
            "timeouts": null,
            "vpc_id": "vpc-0660fdd342fa870de"
          },
          "sensitive_attributes": []
        }
      ]
    },
    {
      "mode": "data",
      "type": "aws_vpc",
      "name": "existing_vpc",
      "provider": "provider[\"registry.terraform.io/hashicorp/aws\"]",
      "instances": [
        {
          "index_key": 0,
          "schema_version": 0,
          "attributes": {
            "arn": "arn:aws:ec2:eu-west-1:304737152597:vpc/vpc-0660fdd342fa870de",
            "cidr_block": "10.0.0.0/16",
            "cidr_block_associations": [
              {
                "association_id": "vpc-cidr-assoc-0f7adffdf788d4a7a",
                "cidr_block": "10.0.0.0/16",
                "state": "associated"
              }
            ],
            "default": false,
            "dhcp_options_id": "dopt-0003934743e411c3c",
            "enable_dns_hostnames": true,
            "enable_dns_support": true,
            "enable_network_address_usage_metrics": false,
            "filter": null,
            "id": "vpc-0660fdd342fa870de",
            "instance_tenancy": "default",
            "ipv6_association_id": "",
            "ipv6_cidr_block": "",
            "main_route_table_id": "rtb-0e5ab1f25cf76c2d8",
            "owner_id": "304737152597",
            "state": null,
            "tags": {
              "Name": "main-vpc"
            },
            "timeouts": null
          },
          "sensitive_attributes": []
        }
      ]
    },
    {
      "mode": "managed",
      "type": "aws_secretsmanager_secret",
      "name": "rds_secret",
      "provider": "provider[\"registry.terraform.io/hashicorp/aws\"]",
      "instances": [
        {
          "index_key": 0,
          "schema_version": 0,
          "attributes": {
            "arn": "arn:aws:secretsmanager:eu-west-1:304737152597:secret:app1/rds-credentials-zpKN1e",
            "description": "",
            "force_overwrite_replica_secret": false,
            "id": "arn:aws:secretsmanager:eu-west-1:304737152597:secret:app1/rds-credentials-zpKN1e",
            "kms_key_id": "",
            "name": "app1/rds-credentials",
            "name_prefix": "",
            "policy": "",
            "recovery_window_in_days": 7,
            "replica": [],
            "tags": null,
            "tags_all": {}
          },
          "sensitive_attributes": [],
          "private": "bnVsbA=="
        }
      ]
    },
    {
      "mode": "managed",
      "type": "aws_secretsmanager_secret_version",
      "name": "rds_secret_version",
      "provider": "provider[\"registry.terraform.io/hashicorp/aws\"]",
      "instances": [
        {
          "index_key": 0,
          "schema_version": 0,
          "attributes": {
            "arn": "arn:aws:secretsmanager:eu-west-1:304737152597:secret:app1/rds-credentials-zpKN1e",
            "id": "arn:aws:secretsmanager:eu-west-1:304737152597:secret:app1/rds-credentials-zpKN1e|terraform-20250208233652916400000002",
            "secret_binary": "",
            "secret_id": "arn:aws:secretsmanager:eu-west-1:304737152597:secret:app1/rds-credentials-zpKN1e",
            "secret_string": "{\"password\":\"9bJyeuDcXC8XjjqO\",\"username\":\"dbadmin\"}",
            "version_id": "terraform-20250208233652916400000002",
            "version_stages": [
              "AWSCURRENT"
            ]
          },
          "sensitive_attributes": [
            [
              {
                "type": "get_attr",
                "value": "secret_binary"
              }
            ],
            [
              {
                "type": "get_attr",
                "value": "secret_string"
              }
            ]
          ],
          "private": "bnVsbA==",
          "dependencies": [
            "aws_secretsmanager_secret.rds_secret",
            "data.aws_secretsmanager_random_password.rds_password"
          ]
        }
      ]
    },
    {
      "module": "module.eks[0]",
      "mode": "managed",
      "type": "aws_eks_cluster",
      "name": "eks_cluster",
      "provider": "provider[\"registry.terraform.io/hashicorp/aws\"]",
      "instances": [
        {
          "schema_version": 1,
          "attributes": {
            "access_config": [
              {
                "authentication_mode": "CONFIG_MAP",
                "bootstrap_cluster_creator_admin_permissions": true
              }
            ],
            "arn": "arn:aws:eks:eu-west-1:304737152597:cluster/shared-eks-cluster-name",
            "bootstrap_self_managed_addons": true,
            "certificate_authority": [
              {
                "data": "LS0tLS1CRUdJTiBDRVJUSUZJQ0FURS0tLS0tCk1JSURCVENDQWUyZ0F3SUJBZ0lJZk54S0VDZGhDMW93RFFZSktvWklodmNOQVFFTEJRQXdGVEVUTUJFR0ExVUUKQXhNS2EzVmlaWEp1WlhSbGN6QWVGdzB5TlRBeU1EZ3lNakkxTlRWYUZ3MHpOVEF5TURZeU1qTXdOVFZhTUJVeApFekFSQmdOVkJBTVRDbXQxWW1WeWJtVjBaWE13Z2dFaU1BMEdDU3FHU0liM0RRRUJBUVVBQTRJQkR3QXdnZ0VLCkFvSUJBUURkdjk2RzVkRHU1d01xZk1vc0g2VWtOQ1BHbXdPS2p2azRXZFlXak1GZDdIbnVHTjJKRGo2bjdCeXEKUGRhNEhpUnVWZlVRajJMQ1MxZlRKWnZYSmZ6djllWEZEbGx2U1M4RDFGYWZ3ZnR3dko2UWdsV0lHUFBlSW1hSwpQUlFIQUVLQytnSGdXWkFoRkR1dHgydHNZd0dCSHVBVEZicTJJOTI0WXA4T3l1akdvUUptZHlRWXR4WHdWUmZ3Ck9FTWRFcHhGZll0WjJ1NkFka2VYQWY5aXhBRGd2Z0J2eXc5TlZXSmtveEhobzdwWWZqSnoybXhkVFlmcUxEejEKdGlBRHpVeWV3WmxNUHRhSTZxOUFRUFdzTjI0U2VucWJQT3dTRm5KQTBReGVGdGVRTEg2d3hmUVlKTTlSUDd6NwozaEhxYUlSbnNvRnZtN2prUmg4ME1EZFIwbExQQWdNQkFBR2pXVEJYTUE0R0ExVWREd0VCL3dRRUF3SUNwREFQCkJnTlZIUk1CQWY4RUJUQURBUUgvTUIwR0ExVWREZ1FXQkJRKzlLVzFFNVRzY1ovZ3hnNmRWM291TC9aTGd6QVYKQmdOVkhSRUVEakFNZ2dwcmRXSmxjbTVsZEdWek1BMEdDU3FHU0liM0RRRUJDd1VBQTRJQkFRRGFOc0VRUWd1VQoyWnlCVHB6ZVl3Y2V6OTR0THVSWXBoUGhqaVpxMjloSWpEdEVXbHVERnJCdjBibEpjbGlIdnZPWHZITFpoMHdqClhaV3hMeDNrdDJxRVBOS1JldFVVYzB3dTlRVVRDSjN6M1lLNE4welVGenpVUUxlMTY1bXg4QndFQXN0b2RHZUYKZThRMFVYblFwajFmd1NhdFFsSzJlL0ZET2JwWm94Yzc2dHZVMFA1bjd2bHZHTDBYaW1haVlreW14cDZXUFZwZApBanBGNHFDbWhLS1loREpjSktpK0NSTkdJcytZOG1UcjRscjBhKzZ2REVlSUJGdFRRbENsbWpISmxsa21naTFkCk1YU2EzREVxNFFnalEyeXdqRVhuc21Xa1o4eUx4eVpGWG9mc2o3TDdJcXJNTjUwSlo3ZUNGdFFBK082RlQxMS8KZWhpSU90c1ZTM3BZCi0tLS0tRU5EIENFUlRJRklDQVRFLS0tLS0K"
              }
            ],
            "cluster_id": null,
            "compute_config": [],
            "created_at": "2025-02-08T22:25:56Z",
            "enabled_cluster_log_types": [],
            "encryption_config": [
              {
                "provider": [
                  {
                    "key_arn": "arn:aws:kms:eu-west-1:304737152597:key/c68a1609-8203-465b-b79a-793b368c7e94"
                  }
                ],
                "resources": [
                  "secrets"
                ]
              }
            ],
            "endpoint": "https://7966370831C47E49CCFF9E55AFB6279A.gr7.eu-west-1.eks.amazonaws.com",
            "id": "shared-eks-cluster-name",
            "identity": [
              {
                "oidc": [
                  {
                    "issuer": "https://oidc.eks.eu-west-1.amazonaws.com/id/7966370831C47E49CCFF9E55AFB6279A"
                  }
                ]
              }
            ],
            "kubernetes_network_config": [
              {
                "elastic_load_balancing": [
                  {
                    "enabled": false
                  }
                ],
                "ip_family": "ipv4",
                "service_ipv4_cidr": "172.20.0.0/16",
                "service_ipv6_cidr": ""
              }
            ],
            "name": "shared-eks-cluster-name",
            "outpost_config": [],
            "platform_version": "eks.18",
            "remote_network_config": [],
            "role_arn": "arn:aws:iam::304737152597:role/shared-eks-cluster-name-cluster-role",
            "status": "ACTIVE",
            "storage_config": [],
            "tags": {},
            "tags_all": {},
            "timeouts": null,
            "upgrade_policy": [
              {
                "support_type": "EXTENDED"
              }
            ],
            "version": "1.31",
            "vpc_config": [
              {
                "cluster_security_group_id": "sg-0499f4126c70b697f",
                "endpoint_private_access": false,
                "endpoint_public_access": true,
                "public_access_cidrs": [
                  "0.0.0.0/0"
                ],
                "security_group_ids": [
                  "sg-04061cbf5156d6459"
                ],
                "subnet_ids": [
                  "subnet-018751fdd0049d93e",
                  "subnet-04016aa2951215e5d",
                  "subnet-0eddb73a07d97574c"
                ],
                "vpc_id": "vpc-0660fdd342fa870de"
              }
            ],
            "zonal_shift_config": []
          },
          "sensitive_attributes": [],
          "private": "eyJlMmJmYjczMC1lY2FhLTExZTYtOGY4OC0zNDM2M2JjN2M0YzAiOnsiY3JlYXRlIjoxODAwMDAwMDAwMDAwLCJkZWxldGUiOjkwMDAwMDAwMDAwMCwidXBkYXRlIjozNjAwMDAwMDAwMDAwfSwic2NoZW1hX3ZlcnNpb24iOiIxIn0=",
          "dependencies": [
            "data.aws_subnet.existing_private_subnets",
            "data.aws_vpc.existing_vpc",
            "module.eks.aws_iam_policy_attachment.eks_cluster_policy",
            "module.eks.aws_iam_role.eks_cluster_role",
            "module.kms.aws_kms_alias.data_encryption_key_alias",
            "module.kms.aws_kms_key.data_encryption_key",
            "module.kms.data.aws_caller_identity.current",
            "module.kms.data.aws_iam_policy_document.kms_key_policy",
            "module.networking.aws_eip.nat_gateway_eip",
            "module.networking.aws_internet_gateway.igw",
            "module.networking.aws_nat_gateway.nat_gateway",
            "module.networking.aws_route_table.private_route_table",
            "module.networking.aws_route_table.public_route_table",
            "module.networking.aws_route_table_association.private_subnet_association",
            "module.networking.aws_route_table_association.public_subnet_association",
            "module.networking.aws_subnet.private_subnet",
            "module.networking.aws_subnet.public_subnet",
            "module.networking.aws_vpc.main",
            "module.security_groups.aws_security_group.eks_cluster_sg",
            "module.security_groups.aws_security_group.eks_worker_node_sg",
            "module.security_groups.aws_security_group.elasticache_redis",
            "module.security_groups.aws_security_group.msk_cluster_sg",
            "module.security_groups.aws_security_group.rds_postgres"
          ]
        }
      ]
    },
    {
      "module": "module.eks[0]",
      "mode": "managed",
      "type": "aws_iam_policy_attachment",
      "name": "eks_cluster_policy",
      "provider": "provider[\"registry.terraform.io/hashicorp/aws\"]",
      "instances": [
        {
          "schema_version": 0,
          "attributes": {
            "groups": [],
            "id": "EKSClusterPolicyAttachment",
            "name": "EKSClusterPolicyAttachment",
            "policy_arn": "arn:aws:iam::aws:policy/AmazonEKSClusterPolicy",
            "roles": [
              "shared-eks-cluster-name-cluster-role"
            ],
            "users": []
          },
          "sensitive_attributes": [],
          "private": "bnVsbA==",
          "dependencies": [
            "data.aws_vpc.existing_vpc",
            "module.eks.aws_iam_role.eks_cluster_role",
            "module.kms.aws_kms_alias.data_encryption_key_alias",
            "module.kms.aws_kms_key.data_encryption_key",
            "module.kms.data.aws_caller_identity.current",
            "module.kms.data.aws_iam_policy_document.kms_key_policy",
            "module.networking.aws_eip.nat_gateway_eip",
            "module.networking.aws_internet_gateway.igw",
            "module.networking.aws_nat_gateway.nat_gateway",
            "module.networking.aws_route_table.private_route_table",
            "module.networking.aws_route_table.public_route_table",
            "module.networking.aws_route_table_association.private_subnet_association",
            "module.networking.aws_route_table_association.public_subnet_association",
            "module.networking.aws_subnet.private_subnet",
            "module.networking.aws_subnet.public_subnet",
            "module.networking.aws_vpc.main",
            "module.security_groups.aws_security_group.eks_cluster_sg",
            "module.security_groups.aws_security_group.eks_worker_node_sg",
            "module.security_groups.aws_security_group.elasticache_redis",
            "module.security_groups.aws_security_group.msk_cluster_sg",
            "module.security_groups.aws_security_group.rds_postgres"
          ]
        }
      ]
    },
    {
      "module": "module.eks[0]",
      "mode": "managed",
      "type": "aws_iam_role",
      "name": "eks_cluster_role",
      "provider": "provider[\"registry.terraform.io/hashicorp/aws\"]",
      "instances": [
        {
          "schema_version": 0,
          "attributes": {
            "arn": "arn:aws:iam::304737152597:role/shared-eks-cluster-name-cluster-role",
            "assume_role_policy": "{\"Statement\":[{\"Action\":\"sts:AssumeRole\",\"Effect\":\"Allow\",\"Principal\":{\"Service\":\"eks.amazonaws.com\"}}],\"Version\":\"2012-10-17\"}",
            "create_date": "2025-02-08T22:25:53Z",
            "description": "",
            "force_detach_policies": false,
            "id": "shared-eks-cluster-name-cluster-role",
            "inline_policy": [],
            "managed_policy_arns": [
              "arn:aws:iam::aws:policy/AmazonEKSClusterPolicy"
            ],
            "max_session_duration": 3600,
            "name": "shared-eks-cluster-name-cluster-role",
            "name_prefix": "",
            "path": "/",
            "permissions_boundary": "",
            "tags": {},
            "tags_all": {},
            "unique_id": "AROAUN4575ZKTOELAVOTC"
          },
          "sensitive_attributes": [],
          "private": "bnVsbA==",
          "dependencies": [
            "data.aws_vpc.existing_vpc",
            "module.kms.aws_kms_alias.data_encryption_key_alias",
            "module.kms.aws_kms_key.data_encryption_key",
            "module.kms.data.aws_caller_identity.current",
            "module.kms.data.aws_iam_policy_document.kms_key_policy",
            "module.networking.aws_eip.nat_gateway_eip",
            "module.networking.aws_internet_gateway.igw",
            "module.networking.aws_nat_gateway.nat_gateway",
            "module.networking.aws_route_table.private_route_table",
            "module.networking.aws_route_table.public_route_table",
            "module.networking.aws_route_table_association.private_subnet_association",
            "module.networking.aws_route_table_association.public_subnet_association",
            "module.networking.aws_subnet.private_subnet",
            "module.networking.aws_subnet.public_subnet",
            "module.networking.aws_vpc.main",
            "module.security_groups.aws_security_group.eks_cluster_sg",
            "module.security_groups.aws_security_group.eks_worker_node_sg",
            "module.security_groups.aws_security_group.elasticache_redis",
            "module.security_groups.aws_security_group.msk_cluster_sg",
            "module.security_groups.aws_security_group.rds_postgres"
          ]
        }
      ]
    },
    {
      "module": "module.kms[0]",
      "mode": "data",
      "type": "aws_caller_identity",
      "name": "current",
      "provider": "provider[\"registry.terraform.io/hashicorp/aws\"]",
      "instances": [
        {
          "schema_version": 0,
          "attributes": {
            "account_id": "304737152597",
            "arn": "arn:aws:iam::304737152597:user/enmanudl",
            "id": "304737152597",
            "user_id": "AIDAUN4575ZKWFF4D23QL"
          },
          "sensitive_attributes": []
        }
      ]
    },
    {
      "module": "module.kms[0]",
      "mode": "data",
      "type": "aws_iam_policy_document",
      "name": "kms_key_policy",
      "provider": "provider[\"registry.terraform.io/hashicorp/aws\"]",
      "instances": [
        {
          "schema_version": 0,
          "attributes": {
            "id": "1611877991",
            "json": "{\n  \"Version\": \"2012-10-17\",\n  \"Statement\": [\n    {\n      \"Sid\": \"Enable IAM Policies\",\n      \"Effect\": \"Allow\",\n      \"Action\": \"kms:*\",\n      \"Resource\": \"*\",\n      \"Principal\": {\n        \"AWS\": \"arn:aws:iam::304737152597:root\"\n      }\n    },\n    {\n      \"Sid\": \"Allow Service to use KMS Key\",\n      \"Effect\": \"Allow\",\n      \"Action\": [\n        \"kms:ReEncrypt*\",\n        \"kms:GenerateDataKey*\",\n        \"kms:Encrypt\",\n        \"kms:DescribeKey\",\n        \"kms:Decrypt\"\n      ],\n      \"Resource\": \"*\",\n      \"Principal\": {\n        \"Service\": [\n          \"rds.amazonaws.com\",\n          \"kafka.amazonaws.com\",\n          \"elasticache.amazonaws.com\",\n          \"eks.amazonaws.com\"\n        ]\n      }\n    }\n  ]\n}",
            "minified_json": "{\"Version\":\"2012-10-17\",\"Statement\":[{\"Sid\":\"Enable IAM Policies\",\"Effect\":\"Allow\",\"Action\":\"kms:*\",\"Resource\":\"*\",\"Principal\":{\"AWS\":\"arn:aws:iam::304737152597:root\"}},{\"Sid\":\"Allow Service to use KMS Key\",\"Effect\":\"Allow\",\"Action\":[\"kms:ReEncrypt*\",\"kms:GenerateDataKey*\",\"kms:Encrypt\",\"kms:DescribeKey\",\"kms:Decrypt\"],\"Resource\":\"*\",\"Principal\":{\"Service\":[\"rds.amazonaws.com\",\"kafka.amazonaws.com\",\"elasticache.amazonaws.com\",\"eks.amazonaws.com\"]}}]}",
            "override_json": null,
            "override_policy_documents": null,
            "policy_id": null,
            "source_json": null,
            "source_policy_documents": null,
            "statement": [
              {
                "actions": [
                  "kms:*"
                ],
                "condition": [],
                "effect": "Allow",
                "not_actions": [],
                "not_principals": [],
                "not_resources": [],
                "principals": [
                  {
                    "identifiers": [
                      "arn:aws:iam::304737152597:root"
                    ],
                    "type": "AWS"
                  }
                ],
                "resources": [
                  "*"
                ],
                "sid": "Enable IAM Policies"
              },
              {
                "actions": [
                  "kms:Decrypt",
                  "kms:DescribeKey",
                  "kms:Encrypt",
                  "kms:GenerateDataKey*",
                  "kms:ReEncrypt*"
                ],
                "condition": [],
                "effect": "Allow",
                "not_actions": [],
                "not_principals": [],
                "not_resources": [],
                "principals": [
                  {
                    "identifiers": [
                      "eks.amazonaws.com",
                      "elasticache.amazonaws.com",
                      "kafka.amazonaws.com",
                      "rds.amazonaws.com"
                    ],
                    "type": "Service"
                  }
                ],
                "resources": [
                  "*"
                ],
                "sid": "Allow Service to use KMS Key"
              }
            ],
            "version": "2012-10-17"
          },
          "sensitive_attributes": []
        }
      ]
    },
    {
      "module": "module.kms[0]",
      "mode": "managed",
      "type": "aws_kms_alias",
      "name": "data_encryption_key_alias",
      "provider": "provider[\"registry.terraform.io/hashicorp/aws\"]",
      "instances": [
        {
          "schema_version": 0,
          "attributes": {
            "arn": "arn:aws:kms:eu-west-1:304737152597:alias/shared-infra-encryption-data-key",
            "id": "alias/shared-infra-encryption-data-key",
            "name": "alias/shared-infra-encryption-data-key",
            "name_prefix": "",
            "target_key_arn": "arn:aws:kms:eu-west-1:304737152597:key/c68a1609-8203-465b-b79a-793b368c7e94",
            "target_key_id": "c68a1609-8203-465b-b79a-793b368c7e94"
          },
          "sensitive_attributes": [],
          "private": "bnVsbA==",
          "dependencies": [
            "module.kms.aws_kms_key.data_encryption_key",
            "module.kms.data.aws_caller_identity.current",
            "module.kms.data.aws_iam_policy_document.kms_key_policy"
          ]
        }
      ]
    },
    {
      "module": "module.kms[0]",
      "mode": "managed",
      "type": "aws_kms_key",
      "name": "data_encryption_key",
      "provider": "provider[\"registry.terraform.io/hashicorp/aws\"]",
      "instances": [
        {
          "schema_version": 0,
          "attributes": {
            "arn": "arn:aws:kms:eu-west-1:304737152597:key/c68a1609-8203-465b-b79a-793b368c7e94",
            "bypass_policy_lockout_safety_check": false,
            "custom_key_store_id": "",
            "customer_master_key_spec": "SYMMETRIC_DEFAULT",
            "deletion_window_in_days": 10,
            "description": "shared-infra-encryption Data Encryption Key",
            "enable_key_rotation": true,
            "id": "c68a1609-8203-465b-b79a-793b368c7e94",
            "is_enabled": true,
            "key_id": "c68a1609-8203-465b-b79a-793b368c7e94",
            "key_usage": "ENCRYPT_DECRYPT",
            "multi_region": false,
            "policy": "{\"Statement\":[{\"Action\":\"kms:*\",\"Effect\":\"Allow\",\"Principal\":{\"AWS\":\"arn:aws:iam::304737152597:root\"},\"Resource\":\"*\",\"Sid\":\"Enable IAM Policies\"},{\"Action\":[\"kms:ReEncrypt*\",\"kms:GenerateDataKey*\",\"kms:Encrypt\",\"kms:DescribeKey\",\"kms:Decrypt\"],\"Effect\":\"Allow\",\"Principal\":{\"Service\":[\"rds.amazonaws.com\",\"kafka.amazonaws.com\",\"elasticache.amazonaws.com\",\"eks.amazonaws.com\"]},\"Resource\":\"*\",\"Sid\":\"Allow Service to use KMS Key\"}],\"Version\":\"2012-10-17\"}",
            "rotation_period_in_days": 365,
            "tags": {},
            "tags_all": {},
            "timeouts": null,
            "xks_key_id": ""
          },
          "sensitive_attributes": [],
          "private": "eyJlMmJmYjczMC1lY2FhLTExZTYtOGY4OC0zNDM2M2JjN2M0YzAiOnsiY3JlYXRlIjoxMjAwMDAwMDAwMDB9fQ==",
          "dependencies": [
            "module.kms.data.aws_caller_identity.current",
            "module.kms.data.aws_iam_policy_document.kms_key_policy"
          ]
        }
      ]
    },
    {
      "module": "module.networking[0]",
      "mode": "managed",
      "type": "aws_eip",
      "name": "nat_gateway_eip",
      "provider": "provider[\"registry.terraform.io/hashicorp/aws\"]",
      "instances": [
        {
          "schema_version": 0,
          "attributes": {
            "address": null,
            "allocation_id": "eipalloc-0ec3c1b8fcfdd309a",
            "arn": "arn:aws:ec2:eu-west-1:304737152597:elastic-ip/eipalloc-0ec3c1b8fcfdd309a",
            "associate_with_private_ip": null,
            "association_id": "eipassoc-035609d282b640cc9",
            "carrier_ip": "",
            "customer_owned_ip": "",
            "customer_owned_ipv4_pool": "",
            "domain": "vpc",
            "id": "eipalloc-0ec3c1b8fcfdd309a",
            "instance": "",
            "ipam_pool_id": null,
            "network_border_group": "eu-west-1",
            "network_interface": "eni-0edb0f3d5c784a412",
            "private_dns": "ip-10-0-1-68.eu-west-1.compute.internal",
            "private_ip": "10.0.1.68",
            "ptr_record": "",
            "public_dns": "ec2-34-247-153-219.eu-west-1.compute.amazonaws.com",
            "public_ip": "34.247.153.219",
            "public_ipv4_pool": "amazon",
            "tags": {
              "Name": "nat-gateway-eip"
            },
            "tags_all": {
              "Name": "nat-gateway-eip"
            },
            "timeouts": null,
            "vpc": true
          },
          "sensitive_attributes": [],
          "private": "eyJlMmJmYjczMC1lY2FhLTExZTYtOGY4OC0zNDM2M2JjN2M0YzAiOnsiZGVsZXRlIjoxODAwMDAwMDAwMDAsInJlYWQiOjkwMDAwMDAwMDAwMCwidXBkYXRlIjozMDAwMDAwMDAwMDB9fQ=="
        }
      ]
    },
    {
      "module": "module.networking[0]",
      "mode": "managed",
      "type": "aws_internet_gateway",
      "name": "igw",
      "provider": "provider[\"registry.terraform.io/hashicorp/aws\"]",
      "instances": [
        {
          "schema_version": 0,
          "attributes": {
            "arn": "arn:aws:ec2:eu-west-1:304737152597:internet-gateway/igw-0c16ba494e75cc2c2",
            "id": "igw-0c16ba494e75cc2c2",
            "owner_id": "304737152597",
            "tags": {
              "Name": "internet-gateway"
            },
            "tags_all": {
              "Name": "internet-gateway"
            },
            "timeouts": null,
            "vpc_id": "vpc-0660fdd342fa870de"
          },
          "sensitive_attributes": [],
          "private": "eyJlMmJmYjczMC1lY2FhLTExZTYtOGY4OC0zNDM2M2JjN2M0YzAiOnsiY3JlYXRlIjoxMjAwMDAwMDAwMDAwLCJkZWxldGUiOjEyMDAwMDAwMDAwMDAsInVwZGF0ZSI6MTIwMDAwMDAwMDAwMH19",
          "dependencies": [
            "module.networking.aws_vpc.main"
          ]
        }
      ]
    },
    {
      "module": "module.networking[0]",
      "mode": "managed",
      "type": "aws_nat_gateway",
      "name": "nat_gateway",
      "provider": "provider[\"registry.terraform.io/hashicorp/aws\"]",
      "instances": [
        {
          "schema_version": 0,
          "attributes": {
            "allocation_id": "eipalloc-0ec3c1b8fcfdd309a",
            "association_id": "eipassoc-035609d282b640cc9",
            "connectivity_type": "public",
            "id": "nat-08caf24e296ac7676",
            "network_interface_id": "eni-0edb0f3d5c784a412",
            "private_ip": "10.0.1.68",
            "public_ip": "34.247.153.219",
            "secondary_allocation_ids": [],
            "secondary_private_ip_address_count": 0,
            "secondary_private_ip_addresses": [],
            "subnet_id": "subnet-04c7e26d9dbcfeb52",
            "tags": {
              "Name": "nat-gateway"
            },
            "tags_all": {
              "Name": "nat-gateway"
            },
            "timeouts": null
          },
          "sensitive_attributes": [],
          "private": "eyJlMmJmYjczMC1lY2FhLTExZTYtOGY4OC0zNDM2M2JjN2M0YzAiOnsiY3JlYXRlIjo2MDAwMDAwMDAwMDAsImRlbGV0ZSI6MTgwMDAwMDAwMDAwMCwidXBkYXRlIjo2MDAwMDAwMDAwMDB9fQ==",
          "dependencies": [
            "module.networking.aws_eip.nat_gateway_eip",
            "module.networking.aws_internet_gateway.igw",
            "module.networking.aws_subnet.public_subnet",
            "module.networking.aws_vpc.main"
          ]
        }
      ]
    },
    {
      "module": "module.networking[0]",
      "mode": "managed",
      "type": "aws_route_table",
      "name": "private_route_table",
      "provider": "provider[\"registry.terraform.io/hashicorp/aws\"]",
      "instances": [
        {
          "schema_version": 0,
          "attributes": {
            "arn": "arn:aws:ec2:eu-west-1:304737152597:route-table/rtb-0de5d6dedd4ca80ce",
            "id": "rtb-0de5d6dedd4ca80ce",
            "owner_id": "304737152597",
            "propagating_vgws": [],
            "route": [
              {
                "carrier_gateway_id": "",
                "cidr_block": "0.0.0.0/0",
                "core_network_arn": "",
                "destination_prefix_list_id": "",
                "egress_only_gateway_id": "",
                "gateway_id": "",
                "ipv6_cidr_block": "",
                "local_gateway_id": "",
                "nat_gateway_id": "nat-08caf24e296ac7676",
                "network_interface_id": "",
                "transit_gateway_id": "",
                "vpc_endpoint_id": "",
                "vpc_peering_connection_id": ""
              }
            ],
            "tags": {
              "Name": "private-route-table"
            },
            "tags_all": {
              "Name": "private-route-table"
            },
            "timeouts": null,
            "vpc_id": "vpc-0660fdd342fa870de"
          },
          "sensitive_attributes": [],
          "private": "eyJlMmJmYjczMC1lY2FhLTExZTYtOGY4OC0zNDM2M2JjN2M0YzAiOnsiY3JlYXRlIjozMDAwMDAwMDAwMDAsImRlbGV0ZSI6MzAwMDAwMDAwMDAwLCJ1cGRhdGUiOjEyMDAwMDAwMDAwMH19",
          "dependencies": [
            "module.networking.aws_eip.nat_gateway_eip",
            "module.networking.aws_internet_gateway.igw",
            "module.networking.aws_nat_gateway.nat_gateway",
            "module.networking.aws_subnet.public_subnet",
            "module.networking.aws_vpc.main"
          ]
        }
      ]
    },
    {
      "module": "module.networking[0]",
      "mode": "managed",
      "type": "aws_route_table",
      "name": "public_route_table",
      "provider": "provider[\"registry.terraform.io/hashicorp/aws\"]",
      "instances": [
        {
          "schema_version": 0,
          "attributes": {
            "arn": "arn:aws:ec2:eu-west-1:304737152597:route-table/rtb-0aa6135bc208d5338",
            "id": "rtb-0aa6135bc208d5338",
            "owner_id": "304737152597",
            "propagating_vgws": [],
            "route": [
              {
                "carrier_gateway_id": "",
                "cidr_block": "0.0.0.0/0",
                "core_network_arn": "",
                "destination_prefix_list_id": "",
                "egress_only_gateway_id": "",
                "gateway_id": "igw-0c16ba494e75cc2c2",
                "ipv6_cidr_block": "",
                "local_gateway_id": "",
                "nat_gateway_id": "",
                "network_interface_id": "",
                "transit_gateway_id": "",
                "vpc_endpoint_id": "",
                "vpc_peering_connection_id": ""
              }
            ],
            "tags": {
              "Name": "public-route-table"
            },
            "tags_all": {
              "Name": "public-route-table"
            },
            "timeouts": null,
            "vpc_id": "vpc-0660fdd342fa870de"
          },
          "sensitive_attributes": [],
          "private": "eyJlMmJmYjczMC1lY2FhLTExZTYtOGY4OC0zNDM2M2JjN2M0YzAiOnsiY3JlYXRlIjozMDAwMDAwMDAwMDAsImRlbGV0ZSI6MzAwMDAwMDAwMDAwLCJ1cGRhdGUiOjEyMDAwMDAwMDAwMH19",
          "dependencies": [
            "module.networking.aws_internet_gateway.igw",
            "module.networking.aws_vpc.main"
          ]
        }
      ]
    },
    {
      "module": "module.networking[0]",
      "mode": "managed",
      "type": "aws_route_table_association",
      "name": "private_subnet_association",
      "provider": "provider[\"registry.terraform.io/hashicorp/aws\"]",
      "instances": [
        {
          "index_key": 0,
          "schema_version": 0,
          "attributes": {
            "gateway_id": "",
            "id": "rtbassoc-0b7479812bb5e612f",
            "route_table_id": "rtb-0de5d6dedd4ca80ce",
            "subnet_id": "subnet-0eddb73a07d97574c",
            "timeouts": null
          },
          "sensitive_attributes": [],
          "private": "eyJlMmJmYjczMC1lY2FhLTExZTYtOGY4OC0zNDM2M2JjN2M0YzAiOnsiY3JlYXRlIjozMDAwMDAwMDAwMDAsImRlbGV0ZSI6MzAwMDAwMDAwMDAwLCJ1cGRhdGUiOjEyMDAwMDAwMDAwMH19",
          "dependencies": [
            "module.networking.aws_eip.nat_gateway_eip",
            "module.networking.aws_internet_gateway.igw",
            "module.networking.aws_nat_gateway.nat_gateway",
            "module.networking.aws_route_table.private_route_table",
            "module.networking.aws_subnet.private_subnet",
            "module.networking.aws_subnet.public_subnet",
            "module.networking.aws_vpc.main"
          ]
        },
        {
          "index_key": 1,
          "schema_version": 0,
          "attributes": {
            "gateway_id": "",
            "id": "rtbassoc-06ede6d4c653d6be2",
            "route_table_id": "rtb-0de5d6dedd4ca80ce",
            "subnet_id": "subnet-018751fdd0049d93e",
            "timeouts": null
          },
          "sensitive_attributes": [],
          "private": "eyJlMmJmYjczMC1lY2FhLTExZTYtOGY4OC0zNDM2M2JjN2M0YzAiOnsiY3JlYXRlIjozMDAwMDAwMDAwMDAsImRlbGV0ZSI6MzAwMDAwMDAwMDAwLCJ1cGRhdGUiOjEyMDAwMDAwMDAwMH19",
          "dependencies": [
            "module.networking.aws_eip.nat_gateway_eip",
            "module.networking.aws_internet_gateway.igw",
            "module.networking.aws_nat_gateway.nat_gateway",
            "module.networking.aws_route_table.private_route_table",
            "module.networking.aws_subnet.private_subnet",
            "module.networking.aws_subnet.public_subnet",
            "module.networking.aws_vpc.main"
          ]
        },
        {
          "index_key": 2,
          "schema_version": 0,
          "attributes": {
            "gateway_id": "",
            "id": "rtbassoc-05f517db2ff1b187b",
            "route_table_id": "rtb-0de5d6dedd4ca80ce",
            "subnet_id": "subnet-04016aa2951215e5d",
            "timeouts": null
          },
          "sensitive_attributes": [],
          "private": "eyJlMmJmYjczMC1lY2FhLTExZTYtOGY4OC0zNDM2M2JjN2M0YzAiOnsiY3JlYXRlIjozMDAwMDAwMDAwMDAsImRlbGV0ZSI6MzAwMDAwMDAwMDAwLCJ1cGRhdGUiOjEyMDAwMDAwMDAwMH19",
          "dependencies": [
            "module.networking.aws_eip.nat_gateway_eip",
            "module.networking.aws_internet_gateway.igw",
            "module.networking.aws_nat_gateway.nat_gateway",
            "module.networking.aws_route_table.private_route_table",
            "module.networking.aws_subnet.private_subnet",
            "module.networking.aws_subnet.public_subnet",
            "module.networking.aws_vpc.main"
          ]
        }
      ]
    },
    {
      "module": "module.networking[0]",
      "mode": "managed",
      "type": "aws_route_table_association",
      "name": "public_subnet_association",
      "provider": "provider[\"registry.terraform.io/hashicorp/aws\"]",
      "instances": [
        {
          "index_key": 0,
          "schema_version": 0,
          "attributes": {
            "gateway_id": "",
            "id": "rtbassoc-0535fd3982018ef79",
            "route_table_id": "rtb-0aa6135bc208d5338",
            "subnet_id": "subnet-04c7e26d9dbcfeb52",
            "timeouts": null
          },
          "sensitive_attributes": [],
          "private": "eyJlMmJmYjczMC1lY2FhLTExZTYtOGY4OC0zNDM2M2JjN2M0YzAiOnsiY3JlYXRlIjozMDAwMDAwMDAwMDAsImRlbGV0ZSI6MzAwMDAwMDAwMDAwLCJ1cGRhdGUiOjEyMDAwMDAwMDAwMH19",
          "dependencies": [
            "module.networking.aws_internet_gateway.igw",
            "module.networking.aws_route_table.public_route_table",
            "module.networking.aws_subnet.public_subnet",
            "module.networking.aws_vpc.main"
          ]
        },
        {
          "index_key": 1,
          "schema_version": 0,
          "attributes": {
            "gateway_id": "",
            "id": "rtbassoc-0b22277880561586c",
            "route_table_id": "rtb-0aa6135bc208d5338",
            "subnet_id": "subnet-0a87b5f3f34b3cfd1",
            "timeouts": null
          },
          "sensitive_attributes": [],
          "private": "eyJlMmJmYjczMC1lY2FhLTExZTYtOGY4OC0zNDM2M2JjN2M0YzAiOnsiY3JlYXRlIjozMDAwMDAwMDAwMDAsImRlbGV0ZSI6MzAwMDAwMDAwMDAwLCJ1cGRhdGUiOjEyMDAwMDAwMDAwMH19",
          "dependencies": [
            "module.networking.aws_internet_gateway.igw",
            "module.networking.aws_route_table.public_route_table",
            "module.networking.aws_subnet.public_subnet",
            "module.networking.aws_vpc.main"
          ]
        }
      ]
    },
    {
      "module": "module.networking[0]",
      "mode": "managed",
      "type": "aws_subnet",
      "name": "private_subnet",
      "provider": "provider[\"registry.terraform.io/hashicorp/aws\"]",
      "instances": [
        {
          "index_key": 0,
          "schema_version": 1,
          "attributes": {
            "arn": "arn:aws:ec2:eu-west-1:304737152597:subnet/subnet-0eddb73a07d97574c",
            "assign_ipv6_address_on_creation": false,
            "availability_zone": "eu-west-1a",
            "availability_zone_id": "euw1-az2",
            "cidr_block": "10.0.11.0/24",
            "customer_owned_ipv4_pool": "",
            "enable_dns64": false,
            "enable_lni_at_device_index": 0,
            "enable_resource_name_dns_a_record_on_launch": false,
            "enable_resource_name_dns_aaaa_record_on_launch": false,
            "id": "subnet-0eddb73a07d97574c",
            "ipv6_cidr_block": "",
            "ipv6_cidr_block_association_id": "",
            "ipv6_native": false,
            "map_customer_owned_ip_on_launch": false,
            "map_public_ip_on_launch": false,
            "outpost_arn": "",
            "owner_id": "304737152597",
            "private_dns_hostname_type_on_launch": "ip-name",
            "tags": {
              "Name": "private-subnet-1",
              "terraform-private-subnet": "true"
            },
            "tags_all": {
              "Name": "private-subnet-1",
              "terraform-private-subnet": "true"
            },
            "timeouts": null,
            "vpc_id": "vpc-0660fdd342fa870de"
          },
          "sensitive_attributes": [],
          "private": "eyJlMmJmYjczMC1lY2FhLTExZTYtOGY4OC0zNDM2M2JjN2M0YzAiOnsiY3JlYXRlIjo2MDAwMDAwMDAwMDAsImRlbGV0ZSI6MTIwMDAwMDAwMDAwMH0sInNjaGVtYV92ZXJzaW9uIjoiMSJ9",
          "dependencies": [
            "module.networking.aws_vpc.main"
          ]
        },
        {
          "index_key": 1,
          "schema_version": 1,
          "attributes": {
            "arn": "arn:aws:ec2:eu-west-1:304737152597:subnet/subnet-018751fdd0049d93e",
            "assign_ipv6_address_on_creation": false,
            "availability_zone": "eu-west-1b",
            "availability_zone_id": "euw1-az3",
            "cidr_block": "10.0.12.0/24",
            "customer_owned_ipv4_pool": "",
            "enable_dns64": false,
            "enable_lni_at_device_index": 0,
            "enable_resource_name_dns_a_record_on_launch": false,
            "enable_resource_name_dns_aaaa_record_on_launch": false,
            "id": "subnet-018751fdd0049d93e",
            "ipv6_cidr_block": "",
            "ipv6_cidr_block_association_id": "",
            "ipv6_native": false,
            "map_customer_owned_ip_on_launch": false,
            "map_public_ip_on_launch": false,
            "outpost_arn": "",
            "owner_id": "304737152597",
            "private_dns_hostname_type_on_launch": "ip-name",
            "tags": {
              "Name": "private-subnet-2",
              "terraform-private-subnet": "true"
            },
            "tags_all": {
              "Name": "private-subnet-2",
              "terraform-private-subnet": "true"
            },
            "timeouts": null,
            "vpc_id": "vpc-0660fdd342fa870de"
          },
          "sensitive_attributes": [],
          "private": "eyJlMmJmYjczMC1lY2FhLTExZTYtOGY4OC0zNDM2M2JjN2M0YzAiOnsiY3JlYXRlIjo2MDAwMDAwMDAwMDAsImRlbGV0ZSI6MTIwMDAwMDAwMDAwMH0sInNjaGVtYV92ZXJzaW9uIjoiMSJ9",
          "dependencies": [
            "module.networking.aws_vpc.main"
          ]
        },
        {
          "index_key": 2,
          "schema_version": 1,
          "attributes": {
            "arn": "arn:aws:ec2:eu-west-1:304737152597:subnet/subnet-04016aa2951215e5d",
            "assign_ipv6_address_on_creation": false,
            "availability_zone": "eu-west-1c",
            "availability_zone_id": "euw1-az1",
            "cidr_block": "10.0.13.0/24",
            "customer_owned_ipv4_pool": "",
            "enable_dns64": false,
            "enable_lni_at_device_index": 0,
            "enable_resource_name_dns_a_record_on_launch": false,
            "enable_resource_name_dns_aaaa_record_on_launch": false,
            "id": "subnet-04016aa2951215e5d",
            "ipv6_cidr_block": "",
            "ipv6_cidr_block_association_id": "",
            "ipv6_native": false,
            "map_customer_owned_ip_on_launch": false,
            "map_public_ip_on_launch": false,
            "outpost_arn": "",
            "owner_id": "304737152597",
            "private_dns_hostname_type_on_launch": "ip-name",
            "tags": {
              "Name": "private-subnet-3",
              "terraform-private-subnet": "true"
            },
            "tags_all": {
              "Name": "private-subnet-3",
              "terraform-private-subnet": "true"
            },
            "timeouts": null,
            "vpc_id": "vpc-0660fdd342fa870de"
          },
          "sensitive_attributes": [],
          "private": "eyJlMmJmYjczMC1lY2FhLTExZTYtOGY4OC0zNDM2M2JjN2M0YzAiOnsiY3JlYXRlIjo2MDAwMDAwMDAwMDAsImRlbGV0ZSI6MTIwMDAwMDAwMDAwMH0sInNjaGVtYV92ZXJzaW9uIjoiMSJ9",
          "dependencies": [
            "module.networking.aws_vpc.main"
          ]
        }
      ]
    },
    {
      "module": "module.networking[0]",
      "mode": "managed",
      "type": "aws_subnet",
      "name": "public_subnet",
      "provider": "provider[\"registry.terraform.io/hashicorp/aws\"]",
      "instances": [
        {
          "index_key": 0,
          "schema_version": 1,
          "attributes": {
            "arn": "arn:aws:ec2:eu-west-1:304737152597:subnet/subnet-04c7e26d9dbcfeb52",
            "assign_ipv6_address_on_creation": false,
            "availability_zone": "eu-west-1a",
            "availability_zone_id": "euw1-az2",
            "cidr_block": "10.0.1.0/24",
            "customer_owned_ipv4_pool": "",
            "enable_dns64": false,
            "enable_lni_at_device_index": 0,
            "enable_resource_name_dns_a_record_on_launch": false,
            "enable_resource_name_dns_aaaa_record_on_launch": false,
            "id": "subnet-04c7e26d9dbcfeb52",
            "ipv6_cidr_block": "",
            "ipv6_cidr_block_association_id": "",
            "ipv6_native": false,
            "map_customer_owned_ip_on_launch": false,
            "map_public_ip_on_launch": true,
            "outpost_arn": "",
            "owner_id": "304737152597",
            "private_dns_hostname_type_on_launch": "ip-name",
            "tags": {
              "Name": "public-subnet-1",
              "terraform-public-subnet": "true"
            },
            "tags_all": {
              "Name": "public-subnet-1",
              "terraform-public-subnet": "true"
            },
            "timeouts": null,
            "vpc_id": "vpc-0660fdd342fa870de"
          },
          "sensitive_attributes": [],
          "private": "eyJlMmJmYjczMC1lY2FhLTExZTYtOGY4OC0zNDM2M2JjN2M0YzAiOnsiY3JlYXRlIjo2MDAwMDAwMDAwMDAsImRlbGV0ZSI6MTIwMDAwMDAwMDAwMH0sInNjaGVtYV92ZXJzaW9uIjoiMSJ9",
          "dependencies": [
            "module.networking.aws_vpc.main"
          ]
        },
        {
          "index_key": 1,
          "schema_version": 1,
          "attributes": {
            "arn": "arn:aws:ec2:eu-west-1:304737152597:subnet/subnet-0a87b5f3f34b3cfd1",
            "assign_ipv6_address_on_creation": false,
            "availability_zone": "eu-west-1b",
            "availability_zone_id": "euw1-az3",
            "cidr_block": "10.0.2.0/24",
            "customer_owned_ipv4_pool": "",
            "enable_dns64": false,
            "enable_lni_at_device_index": 0,
            "enable_resource_name_dns_a_record_on_launch": false,
            "enable_resource_name_dns_aaaa_record_on_launch": false,
            "id": "subnet-0a87b5f3f34b3cfd1",
            "ipv6_cidr_block": "",
            "ipv6_cidr_block_association_id": "",
            "ipv6_native": false,
            "map_customer_owned_ip_on_launch": false,
            "map_public_ip_on_launch": true,
            "outpost_arn": "",
            "owner_id": "304737152597",
            "private_dns_hostname_type_on_launch": "ip-name",
            "tags": {
              "Name": "public-subnet-2",
              "terraform-public-subnet": "true"
            },
            "tags_all": {
              "Name": "public-subnet-2",
              "terraform-public-subnet": "true"
            },
            "timeouts": null,
            "vpc_id": "vpc-0660fdd342fa870de"
          },
          "sensitive_attributes": [],
          "private": "eyJlMmJmYjczMC1lY2FhLTExZTYtOGY4OC0zNDM2M2JjN2M0YzAiOnsiY3JlYXRlIjo2MDAwMDAwMDAwMDAsImRlbGV0ZSI6MTIwMDAwMDAwMDAwMH0sInNjaGVtYV92ZXJzaW9uIjoiMSJ9",
          "dependencies": [
            "module.networking.aws_vpc.main"
          ]
        }
      ]
    },
    {
      "module": "module.networking[0]",
      "mode": "managed",
      "type": "aws_vpc",
      "name": "main",
      "provider": "provider[\"registry.terraform.io/hashicorp/aws\"]",
      "instances": [
        {
          "schema_version": 1,
          "attributes": {
            "arn": "arn:aws:ec2:eu-west-1:304737152597:vpc/vpc-0660fdd342fa870de",
            "assign_generated_ipv6_cidr_block": false,
            "cidr_block": "10.0.0.0/16",
            "default_network_acl_id": "acl-077e4fc346b7e1e5c",
            "default_route_table_id": "rtb-0e5ab1f25cf76c2d8",
            "default_security_group_id": "sg-0c4f39092cf23a688",
            "dhcp_options_id": "dopt-0003934743e411c3c",
            "enable_dns_hostnames": true,
            "enable_dns_support": true,
            "enable_network_address_usage_metrics": false,
            "id": "vpc-0660fdd342fa870de",
            "instance_tenancy": "default",
            "ipv4_ipam_pool_id": null,
            "ipv4_netmask_length": null,
            "ipv6_association_id": "",
            "ipv6_cidr_block": "",
            "ipv6_cidr_block_network_border_group": "",
            "ipv6_ipam_pool_id": "",
            "ipv6_netmask_length": 0,
            "main_route_table_id": "rtb-0e5ab1f25cf76c2d8",
            "owner_id": "304737152597",
            "tags": {
              "Name": "main-vpc"
            },
            "tags_all": {
              "Name": "main-vpc"
            }
          },
          "sensitive_attributes": [],
          "private": "eyJzY2hlbWFfdmVyc2lvbiI6IjEifQ=="
        }
      ]
    },
    {
      "module": "module.security_groups[0]",
      "mode": "managed",
      "type": "aws_security_group",
      "name": "eks_cluster_sg",
      "provider": "provider[\"registry.terraform.io/hashicorp/aws\"]",
      "instances": [
        {
          "schema_version": 1,
          "attributes": {
            "arn": "arn:aws:ec2:eu-west-1:304737152597:security-group/sg-04061cbf5156d6459",
            "description": "Security group for EKS cluster control plane",
            "egress": [
              {
                "cidr_blocks": [
                  "0.0.0.0/0"
                ],
                "description": "",
                "from_port": 0,
                "ipv6_cidr_blocks": [],
                "prefix_list_ids": [],
                "protocol": "-1",
                "security_groups": [],
                "self": false,
                "to_port": 0
              }
            ],
            "id": "sg-04061cbf5156d6459",
            "ingress": [],
            "name": "eks-cluster-sg",
            "name_prefix": "",
            "owner_id": "304737152597",
            "revoke_rules_on_delete": false,
            "tags": {
              "Name": "eks-cluster-sg"
            },
            "tags_all": {
              "Name": "eks-cluster-sg"
            },
            "timeouts": null,
            "vpc_id": "vpc-0660fdd342fa870de"
          },
          "sensitive_attributes": [],
          "private": "eyJlMmJmYjczMC1lY2FhLTExZTYtOGY4OC0zNDM2M2JjN2M0YzAiOnsiY3JlYXRlIjo2MDAwMDAwMDAwMDAsImRlbGV0ZSI6OTAwMDAwMDAwMDAwfSwic2NoZW1hX3ZlcnNpb24iOiIxIn0=",
          "dependencies": [
            "data.aws_vpc.existing_vpc",
            "module.networking.aws_vpc.main"
          ]
        }
      ]
    },
    {
      "module": "module.security_groups[0]",
      "mode": "managed",
      "type": "aws_security_group",
      "name": "eks_worker_node_sg",
      "provider": "provider[\"registry.terraform.io/hashicorp/aws\"]",
      "instances": [
        {
          "schema_version": 1,
          "attributes": {
            "arn": "arn:aws:ec2:eu-west-1:304737152597:security-group/sg-01187a4ca0dde96c1",
            "description": "Security group for EKS worker nodes",
            "egress": [
              {
                "cidr_blocks": [
                  "0.0.0.0/0"
                ],
                "description": "",
                "from_port": 0,
                "ipv6_cidr_blocks": [],
                "prefix_list_ids": [],
                "protocol": "-1",
                "security_groups": [],
                "self": false,
                "to_port": 0
              }
            ],
            "id": "sg-01187a4ca0dde96c1",
            "ingress": [
              {
                "cidr_blocks": [],
                "description": "",
                "from_port": 0,
                "ipv6_cidr_blocks": [],
                "prefix_list_ids": [],
                "protocol": "-1",
                "security_groups": [],
                "self": true,
                "to_port": 0
              },
              {
                "cidr_blocks": [],
                "description": "",
                "from_port": 443,
                "ipv6_cidr_blocks": [],
                "prefix_list_ids": [],
                "protocol": "tcp",
                "security_groups": [
                  "sg-04061cbf5156d6459"
                ],
                "self": false,
                "to_port": 443
              }
            ],
            "name": "eks-worker-node-sg",
            "name_prefix": "",
            "owner_id": "304737152597",
            "revoke_rules_on_delete": false,
            "tags": {
              "Name": "eks-worker-node-sg"
            },
            "tags_all": {
              "Name": "eks-worker-node-sg"
            },
            "timeouts": null,
            "vpc_id": "vpc-0660fdd342fa870de"
          },
          "sensitive_attributes": [],
          "private": "eyJlMmJmYjczMC1lY2FhLTExZTYtOGY4OC0zNDM2M2JjN2M0YzAiOnsiY3JlYXRlIjo2MDAwMDAwMDAwMDAsImRlbGV0ZSI6OTAwMDAwMDAwMDAwfSwic2NoZW1hX3ZlcnNpb24iOiIxIn0=",
          "dependencies": [
            "data.aws_vpc.existing_vpc",
            "module.networking.aws_vpc.main",
            "module.security_groups.aws_security_group.eks_cluster_sg"
          ]
        }
      ]
    },
    {
      "module": "module.security_groups[0]",
      "mode": "managed",
      "type": "aws_security_group",
      "name": "elasticache_redis",
      "provider": "provider[\"registry.terraform.io/hashicorp/aws\"]",
      "instances": [
        {
          "schema_version": 1,
          "attributes": {
            "arn": "arn:aws:ec2:eu-west-1:304737152597:security-group/sg-04c92a18ead485a43",
            "description": "Security group for ElastiCache Redis",
            "egress": [
              {
                "cidr_blocks": [
                  "0.0.0.0/0"
                ],
                "description": "",
                "from_port": 0,
                "ipv6_cidr_blocks": [],
                "prefix_list_ids": [],
                "protocol": "-1",
                "security_groups": [],
                "self": false,
                "to_port": 0
              }
            ],
            "id": "sg-04c92a18ead485a43",
            "ingress": [
              {
                "cidr_blocks": [],
                "description": "",
                "from_port": 6379,
                "ipv6_cidr_blocks": [],
                "prefix_list_ids": [],
                "protocol": "tcp",
                "security_groups": [
                  "sg-01187a4ca0dde96c1"
                ],
                "self": false,
                "to_port": 6379
              }
            ],
            "name": "elasticache-redis-sg",
            "name_prefix": "",
            "owner_id": "304737152597",
            "revoke_rules_on_delete": false,
            "tags": {
              "Name": "elasticache-redis-sg"
            },
            "tags_all": {
              "Name": "elasticache-redis-sg"
            },
            "timeouts": null,
            "vpc_id": "vpc-0660fdd342fa870de"
          },
          "sensitive_attributes": [],
          "private": "eyJlMmJmYjczMC1lY2FhLTExZTYtOGY4OC0zNDM2M2JjN2M0YzAiOnsiY3JlYXRlIjo2MDAwMDAwMDAwMDAsImRlbGV0ZSI6OTAwMDAwMDAwMDAwfSwic2NoZW1hX3ZlcnNpb24iOiIxIn0=",
          "dependencies": [
            "data.aws_vpc.existing_vpc",
            "module.networking.aws_vpc.main",
            "module.security_groups.aws_security_group.eks_cluster_sg",
            "module.security_groups.aws_security_group.eks_worker_node_sg"
          ]
        }
      ]
    },
    {
      "module": "module.security_groups[0]",
      "mode": "managed",
      "type": "aws_security_group",
      "name": "msk_cluster_sg",
      "provider": "provider[\"registry.terraform.io/hashicorp/aws\"]",
      "instances": [
        {
          "schema_version": 1,
          "attributes": {
            "arn": "arn:aws:ec2:eu-west-1:304737152597:security-group/sg-0bdc1cb14e427ad85",
            "description": "Security group for MSK cluster",
            "egress": [
              {
                "cidr_blocks": [
                  "0.0.0.0/0"
                ],
                "description": "",
                "from_port": 0,
                "ipv6_cidr_blocks": [],
                "prefix_list_ids": [],
                "protocol": "-1",
                "security_groups": [],
                "self": false,
                "to_port": 0
              }
            ],
            "id": "sg-0bdc1cb14e427ad85",
            "ingress": [
              {
                "cidr_blocks": [],
                "description": "",
                "from_port": 9092,
                "ipv6_cidr_blocks": [],
                "prefix_list_ids": [],
                "protocol": "tcp",
                "security_groups": [
                  "sg-01187a4ca0dde96c1"
                ],
                "self": false,
                "to_port": 9098
              }
            ],
            "name": "msk-cluster-sg",
            "name_prefix": "",
            "owner_id": "304737152597",
            "revoke_rules_on_delete": false,
            "tags": {
              "Name": "msk-cluster-sg"
            },
            "tags_all": {
              "Name": "msk-cluster-sg"
            },
            "timeouts": null,
            "vpc_id": "vpc-0660fdd342fa870de"
          },
          "sensitive_attributes": [],
          "private": "eyJlMmJmYjczMC1lY2FhLTExZTYtOGY4OC0zNDM2M2JjN2M0YzAiOnsiY3JlYXRlIjo2MDAwMDAwMDAwMDAsImRlbGV0ZSI6OTAwMDAwMDAwMDAwfSwic2NoZW1hX3ZlcnNpb24iOiIxIn0=",
          "dependencies": [
            "data.aws_vpc.existing_vpc",
            "module.networking.aws_vpc.main",
            "module.security_groups.aws_security_group.eks_cluster_sg",
            "module.security_groups.aws_security_group.eks_worker_node_sg"
          ]
        }
      ]
    },
    {
      "module": "module.security_groups[0]",
      "mode": "managed",
      "type": "aws_security_group",
      "name": "rds_postgres",
      "provider": "provider[\"registry.terraform.io/hashicorp/aws\"]",
      "instances": [
        {
          "schema_version": 1,
          "attributes": {
            "arn": "arn:aws:ec2:eu-west-1:304737152597:security-group/sg-0136ddf5e6e2a69af",
            "description": "Security group for RDS PostgreSQL",
            "egress": [
              {
                "cidr_blocks": [
                  "0.0.0.0/0"
                ],
                "description": "",
                "from_port": 0,
                "ipv6_cidr_blocks": [],
                "prefix_list_ids": [],
                "protocol": "-1",
                "security_groups": [],
                "self": false,
                "to_port": 0
              }
            ],
            "id": "sg-0136ddf5e6e2a69af",
            "ingress": [
              {
                "cidr_blocks": [],
                "description": "",
                "from_port": 5432,
                "ipv6_cidr_blocks": [],
                "prefix_list_ids": [],
                "protocol": "tcp",
                "security_groups": [
                  "sg-01187a4ca0dde96c1"
                ],
                "self": false,
                "to_port": 5432
              }
            ],
            "name": "rds-postgres-sg",
            "name_prefix": "",
            "owner_id": "304737152597",
            "revoke_rules_on_delete": false,
            "tags": {
              "Name": "rds-postgres-sg"
            },
            "tags_all": {
              "Name": "rds-postgres-sg"
            },
            "timeouts": null,
            "vpc_id": "vpc-0660fdd342fa870de"
          },
          "sensitive_attributes": [],
          "private": "eyJlMmJmYjczMC1lY2FhLTExZTYtOGY4OC0zNDM2M2JjN2M0YzAiOnsiY3JlYXRlIjo2MDAwMDAwMDAwMDAsImRlbGV0ZSI6OTAwMDAwMDAwMDAwfSwic2NoZW1hX3ZlcnNpb24iOiIxIn0=",
          "dependencies": [
            "data.aws_vpc.existing_vpc",
            "module.networking.aws_vpc.main",
            "module.security_groups.aws_security_group.eks_cluster_sg",
            "module.security_groups.aws_security_group.eks_worker_node_sg"
          ]
        }
      ]
    }
  ],
  "check_results": null
}
